
Microsoft Visual Studio Solution File, Format Version 12.00
# Visual Studio 2013
VisualStudioVersion = 12.0.21005.1
MinimumVisualStudioVersion = 10.0.40219.1
Project("{FAE04EC0-301F-11D3-BF4B-00C04F79EFBC}") = "PartidaTenisJMC", "PartidaTenisJMC\PartidaTenisJMC.csproj", "{C6D9BD67-2E8D-445E-8F0A-22FDE4565A90}"
EndProject
Project("{2150E333-8FDC-42A3-9474-1A3956D46DE8}") = "01.- Startup", "01.- Startup", "{F0C3C646-9155-4528-BD0C-2B96BCEF752B}"
EndProject
Project("{2150E333-8FDC-42A3-9474-1A3956D46DE8}") = "02.- Services", "02.- Services", "{D10EAFBD-61E0-4EE4-9A2B-DCEA2E8D369A}"
EndProject
Project("{FAE04EC0-301F-11D3-BF4B-00C04F79EFBC}") = "PartidaTenisJMC_Services", "PartidaTenisJMC_Services\PartidaTenisJMC_Services.csproj", "{DC8DD09E-8C88-4A0A-93C8-8D05DCC0FED1}"
EndProject
Project("{2150E333-8FDC-42A3-9474-1A3956D46DE8}") = "03.- Data", "03.- Data", "{D0117237-E0F3-4AE9-8556-7D59A5B6161E}"
EndProject
Project("{2150E333-8FDC-42A3-9474-1A3956D46DE8}") = "10.- Dlls", "10.- Dlls", "{672D9E6B-3B74-4CE3-82DD-E77F8A45EF58}"
EndProject
Project("{2150E333-8FDC-42A3-9474-1A3956D46DE8}") = "04.- UnitTest", "04.- UnitTest", "{9482644B-1187-4988-A375-3A844F528855}"
EndProject
Project("{FAE04EC0-301F-11D3-BF4B-00C04F79EFBC}") = "PartidaTenisJMC_Test", "PartidaTenisJMC_Test\PartidaTenisJMC_Test.csproj", "{5A193966-3E36-40E8-8449-A3B581A006DF}"
EndProject
Global
	GlobalSection(SolutionConfigurationPlatforms) = preSolution
		Debug|Any CPU = Debug|Any CPU
		Release|Any CPU = Release|Any CPU
	EndGlobalSection
	GlobalSection(ProjectConfigurationPlatforms) = postSolution
		{C6D9BD67-2E8D-445E-8F0A-22FDE4565A90}.Debug|Any CPU.ActiveCfg = Debug|Any CPU
		{C6D9BD67-2E8D-445E-8F0A-22FDE4565A90}.Debug|Any CPU.Build.0 = Debug|Any CPU
		{C6D9BD67-2E8D-445E-8F0A-22FDE4565A90}.Release|Any CPU.ActiveCfg = Release|Any CPU
		{C6D9BD67-2E8D-445E-8F0A-22FDE4565A90}.Release|Any CPU.Build.0 = Release|Any CPU
		{DC8DD09E-8C88-4A0A-93C8-8D05DCC0FED1}.Debug|Any CPU.ActiveCfg = Debug|Any CPU
		{DC8DD09E-8C88-4A0A-93C8-8D05DCC0FED1}.Debug|Any CPU.Build.0 = Debug|Any CPU
		{DC8DD09E-8C88-4A0A-93C8-8D05DCC0FED1}.Release|Any CPU.ActiveCfg = Release|Any CPU
		{DC8DD09E-8C88-4A0A-93C8-8D05DCC0FED1}.Release|Any CPU.Build.0 = Release|Any CPU
		{5A193966-3E36-40E8-8449-A3B581A006DF}.Debug|Any CPU.ActiveCfg = Debug|Any CPU
		{5A193966-3E36-40E8-8449-A3B581A006DF}.Debug|Any CPU.Build.0 = Debug|Any CPU
		{5A193966-3E36-40E8-8449-A3B581A006DF}.Release|Any CPU.ActiveCfg = Release|Any CPU
		{5A193966-3E36-40E8-8449-A3B581A006DF}.Release|Any CPU.Build.0 = Release|Any CPU
	EndGlobalSection
	GlobalSection(SolutionProperties) = preSolution
		HideSolutionNode = FALSE
	EndGlobalSection
	GlobalSection(NestedProjects) = preSolution
		{C6D9BD67-2E8D-445E-8F0A-22FDE4565A90} = {F0C3C646-9155-4528-BD0C-2B96BCEF752B}
		{DC8DD09E-8C88-4A0A-93C8-8D05DCC0FED1} = {D10EAFBD-61E0-4EE4-9A2B-DCEA2E8D369A}
		{5A193966-3E36-40E8-8449-A3B581A006DF} = {9482644B-1187-4988-A375-3A844F528855}
	EndGlobalSection
EndGlobal
